
Microsoft Visual Studio Solution File, Format Version 12.00
# Visual Studio 15
Project("{FAE04EC0-301F-11D3-BF4B-00C04F79EFBC}") = "Test-Data-Structure-Algorithms", "Test-Data-Structure-Algorithms\Test-Data-Structure-Algorithms.csproj", "{49C959ED-4E83-4E0E-95C4-43AA5C60ECBF}"
EndProject
Project("{FAE04EC0-301F-11D3-BF4B-00C04F79EFBC}") = "Data-Structure-Algorithms", "Data-Structure-Algorithms\Data-Structure-Algorithms.csproj", "{0ED99F06-4D80-48BB-99DA-772CB8CF5343}"
EndProject
Global
	GlobalSection(SolutionConfigurationPlatforms) = preSolution
		Debug|anycpu = Debug|anycpu
		Release|anycpu = Release|anycpu
	EndGlobalSection
	GlobalSection(ProjectConfigurationPlatforms) = postSolution
		{49C959ED-4E83-4E0E-95C4-43AA5C60ECBF}.Debug|anycpu.ActiveCfg = Debug|Any CPU
		{49C959ED-4E83-4E0E-95C4-43AA5C60ECBF}.Debug|anycpu.Build.0 = Debug|Any CPU
		{49C959ED-4E83-4E0E-95C4-43AA5C60ECBF}.Release|anycpu.ActiveCfg = Release|Any CPU
		{49C959ED-4E83-4E0E-95C4-43AA5C60ECBF}.Release|anycpu.Build.0 = Release|Any CPU
		{0ED99F06-4D80-48BB-99DA-772CB8CF5343}.Debug|anycpu.ActiveCfg = Debug|Any CPU
		{0ED99F06-4D80-48BB-99DA-772CB8CF5343}.Debug|anycpu.Build.0 = Debug|Any CPU
		{0ED99F06-4D80-48BB-99DA-772CB8CF5343}.Release|anycpu.ActiveCfg = Release|Any CPU
		{0ED99F06-4D80-48BB-99DA-772CB8CF5343}.Release|anycpu.Build.0 = Release|Any CPU
	EndGlobalSection
EndGlobal
