
Microsoft Visual Studio Solution File, Format Version 12.00
# Visual Studio 15
Project("{FAE04EC0-301F-11D3-BF4B-00C04F79EFBC}") = "Data-Structures-Algorithms", "Data-Structures-Algorithms\Data-Structures-Algorithms.csproj", "{7D640ABE-3D25-4D4F-A405-D42151C2A8BB}"
EndProject
Global
	GlobalSection(SolutionConfigurationPlatforms) = preSolution
		Debug|anycpu = Debug|anycpu
		Release|anycpu = Release|anycpu
	EndGlobalSection
	GlobalSection(ProjectConfigurationPlatforms) = postSolution
		{7D640ABE-3D25-4D4F-A405-D42151C2A8BB}.Debug|anycpu.ActiveCfg = Debug|anycpu
		{7D640ABE-3D25-4D4F-A405-D42151C2A8BB}.Debug|anycpu.Build.0 = Debug|anycpu
		{7D640ABE-3D25-4D4F-A405-D42151C2A8BB}.Release|anycpu.ActiveCfg = Release|anycpu
		{7D640ABE-3D25-4D4F-A405-D42151C2A8BB}.Release|anycpu.Build.0 = Release|anycpu
	EndGlobalSection
EndGlobal
